
Microsoft Visual Studio Solution File, Format Version 12.00
# Visual Studio Version 17
VisualStudioVersion = 17.11.35219.272
MinimumVisualStudioVersion = 10.0.40219.1
Project("{FAE04EC0-301F-11D3-BF4B-00C04F79EFBC}") = "Sounds", "Sounds\Sounds.csproj", "{0847D8A8-9092-4D12-9526-67E68A429B31}"
EndProject
Global
	GlobalSection(SolutionConfigurationPlatforms) = preSolution
		Debug|Any CPU = Debug|Any CPU
		Release|Any CPU = Release|Any CPU
	EndGlobalSection
	GlobalSection(ProjectConfigurationPlatforms) = postSolution
		{0847D8A8-9092-4D12-9526-67E68A429B31}.Debug|Any CPU.ActiveCfg = Debug|Any CPU
		{0847D8A8-9092-4D12-9526-67E68A429B31}.Debug|Any CPU.Build.0 = Debug|Any CPU
		{0847D8A8-9092-4D12-9526-67E68A429B31}.Release|Any CPU.ActiveCfg = Release|Any CPU
		{0847D8A8-9092-4D12-9526-67E68A429B31}.Release|Any CPU.Build.0 = Release|Any CPU
	EndGlobalSection
	GlobalSection(SolutionProperties) = preSolution
		HideSolutionNode = FALSE
	EndGlobalSection
	GlobalSection(ExtensibilityGlobals) = postSolution
		SolutionGuid = {743725FE-E90A-469D-B579-825ACFBA3433}
	EndGlobalSection
EndGlobal
